PODS:
  - PromisesObjC (1.2.8)
  - PromisesSwift (1.2.8):
    - PromisesObjC (= 1.2.8)

DEPENDENCIES:
  - PromisesSwift (~> 1.2)

SPEC REPOS:
  trunk:
    - PromisesObjC
    - PromisesSwift

SPEC CHECKSUMS:
  PromisesObjC: c119f3cd559f50b7ae681fa59dc1acd19173b7e6
  PromisesSwift: 37bad6f4daddb02f7c9c531efe91e8b21c13ee2f

PODFILE CHECKSUM: d1f1139afbd106b02cf3df0508e7e536d6468dc5

COCOAPODS: 1.8.4
