// !$*UTF8*$!
{
	archiveVersion = 1;
	classes = {
	};
	objectVersion = 50;
	objects = {

/* Begin PBXBuildFile section */
		C22D4BC322F8CFE000EB0EA8 /* DetailWeather.swift in Sources */ = {isa = PBXBuildFile; fileRef = C22D4BC222F8CFE000EB0EA8 /* DetailWeather.swift */; };
		C22D4BC522F8D34A00EB0EA8 /* WeatherBuilder.swift in Sources */ = {isa = PBXBuildFile; fileRef = C22D4BC422F8D34A00EB0EA8 /* WeatherBuilder.swift */; };
		C22D4BC722F8DD5400EB0EA8 /* Date.swift in Sources */ = {isa = PBXBuildFile; fileRef = C22D4BC622F8DD5400EB0EA8 /* Date.swift */; };
		C2326F8122F4840300FBEDEB /* CurrentWeather.swift in Sources */ = {isa = PBXBuildFile; fileRef = C2326F8022F4840300FBEDEB /* CurrentWeather.swift */; };
		C2326F8322F4844F00FBEDEB /* DailyWeatherItem.swift in Sources */ = {isa = PBXBuildFile; fileRef = C2326F8222F4844F00FBEDEB /* DailyWeatherItem.swift */; };
		C2326F8522F4847F00FBEDEB /* HourlyWeatherItem.swift in Sources */ = {isa = PBXBuildFile; fileRef = C2326F8422F4847F00FBEDEB /* HourlyWeatherItem.swift */; };
		C2326F8722F484AD00FBEDEB /* Temperature.swift in Sources */ = {isa = PBXBuildFile; fileRef = C2326F8622F484AD00FBEDEB /* Temperature.swift */; };
		C2326F8922F484F000FBEDEB /* WeatherPresentable.swift in Sources */ = {isa = PBXBuildFile; fileRef = C2326F8822F484F000FBEDEB /* WeatherPresentable.swift */; };
		C2326F8B22F4852E00FBEDEB /* OpenWeatherMapService.swift in Sources */ = {isa = PBXBuildFile; fileRef = C2326F8A22F4852E00FBEDEB /* OpenWeatherMapService.swift */; };
		C2326F8E22F4854C00FBEDEB /* Coordinate.swift in Sources */ = {isa = PBXBuildFile; fileRef = C2326F8D22F4854C00FBEDEB /* Coordinate.swift */; };
		C2326F9322F48D0300FBEDEB /* WeatherIconImagePicker.swift in Sources */ = {isa = PBXBuildFile; fileRef = C2326F9222F48D0300FBEDEB /* WeatherIconImagePicker.swift */; };
		C2326FA122F4B04A00FBEDEB /* SearchViewController.swift in Sources */ = {isa = PBXBuildFile; fileRef = C2326FA022F4B04A00FBEDEB /* SearchViewController.swift */; };
		C2326FA422F4B81600FBEDEB /* Assets.xcassets in Resources */ = {isa = PBXBuildFile; fileRef = C2326FA322F4B81600FBEDEB /* Assets.xcassets */; };
		C249FB0C22F35705003297A6 /* AppDelegate.swift in Sources */ = {isa = PBXBuildFile; fileRef = C249FB0B22F35705003297A6 /* AppDelegate.swift */; };
		C249FB1122F35705003297A6 /* Main.storyboard in Resources */ = {isa = PBXBuildFile; fileRef = C249FB0F22F35705003297A6 /* Main.storyboard */; };
		C249FB1622F35706003297A6 /* LaunchScreen.storyboard in Resources */ = {isa = PBXBuildFile; fileRef = C249FB1422F35706003297A6 /* LaunchScreen.storyboard */; };
		C249FB1E22F35EC8003297A6 /* WeatherAPI.swift in Sources */ = {isa = PBXBuildFile; fileRef = C249FB1D22F35EC8003297A6 /* WeatherAPI.swift */; };
		C249FB2022F363F2003297A6 /* HourlyCollectionViewCell.swift in Sources */ = {isa = PBXBuildFile; fileRef = C249FB1F22F363F2003297A6 /* HourlyCollectionViewCell.swift */; };
		C249FB5B22F482FE003297A6 /* WeatherData.swift in Sources */ = {isa = PBXBuildFile; fileRef = C249FB5A22F482FE003297A6 /* WeatherData.swift */; };
		C249FB5E22F48367003297A6 /* DateConverter.swift in Sources */ = {isa = PBXBuildFile; fileRef = C249FB5D22F48367003297A6 /* DateConverter.swift */; };
		C26C355322F5C654001B13B8 /* WeatherViewModel.swift in Sources */ = {isa = PBXBuildFile; fileRef = C26C355222F5C654001B13B8 /* WeatherViewModel.swift */; };
		C26C355522F5C6FF001B13B8 /* WeatherViewController.swift in Sources */ = {isa = PBXBuildFile; fileRef = C26C355422F5C6FF001B13B8 /* WeatherViewController.swift */; };
		C26C355922F5CC31001B13B8 /* Weather.swift in Sources */ = {isa = PBXBuildFile; fileRef = C26C355822F5CC31001B13B8 /* Weather.swift */; };
		C26C355D22F6044C001B13B8 /* Observable.swift in Sources */ = {isa = PBXBuildFile; fileRef = C26C355C22F6044C001B13B8 /* Observable.swift */; };
		C26C356322F6087E001B13B8 /* LocationListViewController.swift in Sources */ = {isa = PBXBuildFile; fileRef = C26C356222F6087E001B13B8 /* LocationListViewController.swift */; };
		C26C356522F60893001B13B8 /* LocationListTableViewCell.swift in Sources */ = {isa = PBXBuildFile; fileRef = C26C356422F60893001B13B8 /* LocationListTableViewCell.swift */; };
		C2E2898D22F9CFA90049CF08 /* DailyTableViewCell.swift in Sources */ = {isa = PBXBuildFile; fileRef = C2E2898B22F9CFA90049CF08 /* DailyTableViewCell.swift */; };
		C2E2898E22F9CFA90049CF08 /* DailyTableViewCell.xib in Resources */ = {isa = PBXBuildFile; fileRef = C2E2898C22F9CFA90049CF08 /* DailyTableViewCell.xib */; };
		C2E2899122F9D58A0049CF08 /* DetailTableViewCell.swift in Sources */ = {isa = PBXBuildFile; fileRef = C2E2898F22F9D58A0049CF08 /* DetailTableViewCell.swift */; };
		C2E2899222F9D58A0049CF08 /* DetailTableViewCell.xib in Resources */ = {isa = PBXBuildFile; fileRef = C2E2899022F9D58A0049CF08 /* DetailTableViewCell.xib */; };
		C2E2899422FA006F0049CF08 /* DataKeys.swift in Sources */ = {isa = PBXBuildFile; fileRef = C2E2899322FA006F0049CF08 /* DataKeys.swift */; };
		C2E2899622FA0DD80049CF08 /* UnitSymbol.swift in Sources */ = {isa = PBXBuildFile; fileRef = C2E2899522FA0DD80049CF08 /* UnitSymbol.swift */; };
		C2E2899822FA0EB40049CF08 /* StringInterpolation.swift in Sources */ = {isa = PBXBuildFile; fileRef = C2E2899722FA0EB40049CF08 /* StringInterpolation.swift */; };
		C2E2899A22FA1DFE0049CF08 /* DailyTableViewSection.swift in Sources */ = {isa = PBXBuildFile; fileRef = C2E2899922FA1DFE0049CF08 /* DailyTableViewSection.swift */; };
		C2E2899E22FA2D240049CF08 /* TemperatureUnit.swift in Sources */ = {isa = PBXBuildFile; fileRef = C2E2899D22FA2D240049CF08 /* TemperatureUnit.swift */; };
		C2E289A222FA3D860049CF08 /* LocationListCellType.swift in Sources */ = {isa = PBXBuildFile; fileRef = C2E289A122FA3D860049CF08 /* LocationListCellType.swift */; };
		C2E289A622FA85E40049CF08 /* ServiceError.swift in Sources */ = {isa = PBXBuildFile; fileRef = C2E289A522FA85E40049CF08 /* ServiceError.swift */; };
		C2E289AC22FA8C240049CF08 /* CreationError.swift in Sources */ = {isa = PBXBuildFile; fileRef = C2E289AB22FA8C240049CF08 /* CreationError.swift */; };
		C2E289AE22FA8C400049CF08 /* LocationError.swift in Sources */ = {isa = PBXBuildFile; fileRef = C2E289AD22FA8C400049CF08 /* LocationError.swift */; };
		C2E289B022FA9FAB0049CF08 /* LocationManagerDelegate.swift in Sources */ = {isa = PBXBuildFile; fileRef = C2E289AF22FA9FAB0049CF08 /* LocationManagerDelegate.swift */; };
		C2E289B222FA9FB80049CF08 /* LocationListDelegate.swift in Sources */ = {isa = PBXBuildFile; fileRef = C2E289B122FA9FB80049CF08 /* LocationListDelegate.swift */; };
		C2E289B422FA9FCD0049CF08 /* SearchViewDelegate.swift in Sources */ = {isa = PBXBuildFile; fileRef = C2E289B322FA9FCD0049CF08 /* SearchViewDelegate.swift */; };
		C2E2FBF822F833250079B606 /* Location.swift in Sources */ = {isa = PBXBuildFile; fileRef = C2E2FBF722F833250079B606 /* Location.swift */; };
		C2E2FBFA22F844800079B606 /* UserDefaults.swift in Sources */ = {isa = PBXBuildFile; fileRef = C2E2FBF922F844800079B606 /* UserDefaults.swift */; };
		C2E2FBFC22F8947B0079B606 /* LocationManager.swift in Sources */ = {isa = PBXBuildFile; fileRef = C2E2FBFB22F8947B0079B606 /* LocationManager.swift */; };
		C2E2FBFE22F8C7900079B606 /* WindDirection.swift in Sources */ = {isa = PBXBuildFile; fileRef = C2E2FBFD22F8C7900079B606 /* WindDirection.swift */; };
		C2F0CD3A22F7347000D5EEE0 /* PageViewController.swift in Sources */ = {isa = PBXBuildFile; fileRef = C2F0CD3922F7347000D5EEE0 /* PageViewController.swift */; };
/* End PBXBuildFile section */

/* Begin PBXFileReference section */
		C22D4BC222F8CFE000EB0EA8 /* DetailWeather.swift */ = {isa = PBXFileReference; lastKnownFileType = sourcecode.swift; path = DetailWeather.swift; sourceTree = "<group>"; };
		C22D4BC422F8D34A00EB0EA8 /* WeatherBuilder.swift */ = {isa = PBXFileReference; lastKnownFileType = sourcecode.swift; path = WeatherBuilder.swift; sourceTree = "<group>"; };
		C22D4BC622F8DD5400EB0EA8 /* Date.swift */ = {isa = PBXFileReference; lastKnownFileType = sourcecode.swift; path = Date.swift; sourceTree = "<group>"; };
		C2326F8022F4840300FBEDEB /* CurrentWeather.swift */ = {isa = PBXFileReference; lastKnownFileType = sourcecode.swift; path = CurrentWeather.swift; sourceTree = "<group>"; };
		C2326F8222F4844F00FBEDEB /* DailyWeatherItem.swift */ = {isa = PBXFileReference; lastKnownFileType = sourcecode.swift; path = DailyWeatherItem.swift; sourceTree = "<group>"; };
		C2326F8422F4847F00FBEDEB /* HourlyWeatherItem.swift */ = {isa = PBXFileReference; lastKnownFileType = sourcecode.swift; path = HourlyWeatherItem.swift; sourceTree = "<group>"; };
		C2326F8622F484AD00FBEDEB /* Temperature.swift */ = {isa = PBXFileReference; lastKnownFileType = sourcecode.swift; path = Temperature.swift; sourceTree = "<group>"; };
		C2326F8822F484F000FBEDEB /* WeatherPresentable.swift */ = {isa = PBXFileReference; lastKnownFileType = sourcecode.swift; path = WeatherPresentable.swift; sourceTree = "<group>"; };
		C2326F8A22F4852E00FBEDEB /* OpenWeatherMapService.swift */ = {isa = PBXFileReference; lastKnownFileType = sourcecode.swift; path = OpenWeatherMapService.swift; sourceTree = "<group>"; };
		C2326F8D22F4854C00FBEDEB /* Coordinate.swift */ = {isa = PBXFileReference; lastKnownFileType = sourcecode.swift; name = Coordinate.swift; path = ../Extensions/Coordinate.swift; sourceTree = "<group>"; };
		C2326F9222F48D0300FBEDEB /* WeatherIconImagePicker.swift */ = {isa = PBXFileReference; lastKnownFileType = sourcecode.swift; path = WeatherIconImagePicker.swift; sourceTree = "<group>"; };
		C2326FA022F4B04A00FBEDEB /* SearchViewController.swift */ = {isa = PBXFileReference; lastKnownFileType = sourcecode.swift; path = SearchViewController.swift; sourceTree = "<group>"; };
		C2326FA322F4B81600FBEDEB /* Assets.xcassets */ = {isa = PBXFileReference; lastKnownFileType = folder.assetcatalog; path = Assets.xcassets; sourceTree = "<group>"; };
		C249FB0822F35705003297A6 /* WeatherApp.app */ = {isa = PBXFileReference; explicitFileType = wrapper.application; includeInIndex = 0; path = WeatherApp.app; sourceTree = BUILT_PRODUCTS_DIR; };
		C249FB0B22F35705003297A6 /* AppDelegate.swift */ = {isa = PBXFileReference; lastKnownFileType = sourcecode.swift; path = AppDelegate.swift; sourceTree = "<group>"; };
		C249FB1022F35705003297A6 /* Base */ = {isa = PBXFileReference; lastKnownFileType = file.storyboard; name = Base; path = Base.lproj/Main.storyboard; sourceTree = "<group>"; };
		C249FB1522F35706003297A6 /* Base */ = {isa = PBXFileReference; lastKnownFileType = file.storyboard; name = Base; path = Base.lproj/LaunchScreen.storyboard; sourceTree = "<group>"; };
		C249FB1722F35706003297A6 /* Info.plist */ = {isa = PBXFileReference; lastKnownFileType = text.plist.xml; path = Info.plist; sourceTree = "<group>"; };
		C249FB1D22F35EC8003297A6 /* WeatherAPI.swift */ = {isa = PBXFileReference; lastKnownFileType = sourcecode.swift; path = WeatherAPI.swift; sourceTree = "<group>"; };
		C249FB1F22F363F2003297A6 /* HourlyCollectionViewCell.swift */ = {isa = PBXFileReference; lastKnownFileType = sourcecode.swift; path = HourlyCollectionViewCell.swift; sourceTree = "<group>"; };
		C249FB5A22F482FE003297A6 /* WeatherData.swift */ = {isa = PBXFileReference; lastKnownFileType = sourcecode.swift; path = WeatherData.swift; sourceTree = "<group>"; };
		C249FB5D22F48367003297A6 /* DateConverter.swift */ = {isa = PBXFileReference; lastKnownFileType = sourcecode.swift; path = DateConverter.swift; sourceTree = "<group>"; };
		C26C355222F5C654001B13B8 /* WeatherViewModel.swift */ = {isa = PBXFileReference; lastKnownFileType = sourcecode.swift; path = WeatherViewModel.swift; sourceTree = "<group>"; };
		C26C355422F5C6FF001B13B8 /* WeatherViewController.swift */ = {isa = PBXFileReference; lastKnownFileType = sourcecode.swift; path = WeatherViewController.swift; sourceTree = "<group>"; };
		C26C355822F5CC31001B13B8 /* Weather.swift */ = {isa = PBXFileReference; lastKnownFileType = sourcecode.swift; path = Weather.swift; sourceTree = "<group>"; };
		C26C355C22F6044C001B13B8 /* Observable.swift */ = {isa = PBXFileReference; fileEncoding = 4; lastKnownFileType = sourcecode.swift; path = Observable.swift; sourceTree = "<group>"; };
		C26C356222F6087E001B13B8 /* LocationListViewController.swift */ = {isa = PBXFileReference; lastKnownFileType = sourcecode.swift; path = LocationListViewController.swift; sourceTree = "<group>"; };
		C26C356422F60893001B13B8 /* LocationListTableViewCell.swift */ = {isa = PBXFileReference; fileEncoding = 4; lastKnownFileType = sourcecode.swift; path = LocationListTableViewCell.swift; sourceTree = "<group>"; };
		C2E2898B22F9CFA90049CF08 /* DailyTableViewCell.swift */ = {isa = PBXFileReference; lastKnownFileType = sourcecode.swift; path = DailyTableViewCell.swift; sourceTree = "<group>"; };
		C2E2898C22F9CFA90049CF08 /* DailyTableViewCell.xib */ = {isa = PBXFileReference; lastKnownFileType = file.xib; path = DailyTableViewCell.xib; sourceTree = "<group>"; };
		C2E2898F22F9D58A0049CF08 /* DetailTableViewCell.swift */ = {isa = PBXFileReference; lastKnownFileType = sourcecode.swift; path = DetailTableViewCell.swift; sourceTree = "<group>"; };
		C2E2899022F9D58A0049CF08 /* DetailTableViewCell.xib */ = {isa = PBXFileReference; lastKnownFileType = file.xib; path = DetailTableViewCell.xib; sourceTree = "<group>"; };
		C2E2899322FA006F0049CF08 /* DataKeys.swift */ = {isa = PBXFileReference; lastKnownFileType = sourcecode.swift; path = DataKeys.swift; sourceTree = "<group>"; };
		C2E2899522FA0DD80049CF08 /* UnitSymbol.swift */ = {isa = PBXFileReference; lastKnownFileType = sourcecode.swift; path = UnitSymbol.swift; sourceTree = "<group>"; };
		C2E2899722FA0EB40049CF08 /* StringInterpolation.swift */ = {isa = PBXFileReference; lastKnownFileType = sourcecode.swift; path = StringInterpolation.swift; sourceTree = "<group>"; };
		C2E2899922FA1DFE0049CF08 /* DailyTableViewSection.swift */ = {isa = PBXFileReference; lastKnownFileType = sourcecode.swift; path = DailyTableViewSection.swift; sourceTree = "<group>"; };
		C2E2899D22FA2D240049CF08 /* TemperatureUnit.swift */ = {isa = PBXFileReference; lastKnownFileType = sourcecode.swift; path = TemperatureUnit.swift; sourceTree = "<group>"; };
		C2E289A122FA3D860049CF08 /* LocationListCellType.swift */ = {isa = PBXFileReference; lastKnownFileType = sourcecode.swift; path = LocationListCellType.swift; sourceTree = "<group>"; };
		C2E289A522FA85E40049CF08 /* ServiceError.swift */ = {isa = PBXFileReference; lastKnownFileType = sourcecode.swift; path = ServiceError.swift; sourceTree = "<group>"; };
		C2E289AB22FA8C240049CF08 /* CreationError.swift */ = {isa = PBXFileReference; lastKnownFileType = sourcecode.swift; path = CreationError.swift; sourceTree = "<group>"; };
		C2E289AD22FA8C400049CF08 /* LocationError.swift */ = {isa = PBXFileReference; lastKnownFileType = sourcecode.swift; path = LocationError.swift; sourceTree = "<group>"; };
		C2E289AF22FA9FAB0049CF08 /* LocationManagerDelegate.swift */ = {isa = PBXFileReference; lastKnownFileType = sourcecode.swift; path = LocationManagerDelegate.swift; sourceTree = "<group>"; };
		C2E289B122FA9FB80049CF08 /* LocationListDelegate.swift */ = {isa = PBXFileReference; lastKnownFileType = sourcecode.swift; path = LocationListDelegate.swift; sourceTree = "<group>"; };
		C2E289B322FA9FCD0049CF08 /* SearchViewDelegate.swift */ = {isa = PBXFileReference; lastKnownFileType = sourcecode.swift; path = SearchViewDelegate.swift; sourceTree = "<group>"; };
		C2E2FBF722F833250079B606 /* Location.swift */ = {isa = PBXFileReference; lastKnownFileType = sourcecode.swift; path = Location.swift; sourceTree = "<group>"; };
		C2E2FBF922F844800079B606 /* UserDefaults.swift */ = {isa = PBXFileReference; lastKnownFileType = sourcecode.swift; path = UserDefaults.swift; sourceTree = "<group>"; };
		C2E2FBFB22F8947B0079B606 /* LocationManager.swift */ = {isa = PBXFileReference; lastKnownFileType = sourcecode.swift; path = LocationManager.swift; sourceTree = "<group>"; };
		C2E2FBFD22F8C7900079B606 /* WindDirection.swift */ = {isa = PBXFileReference; lastKnownFileType = sourcecode.swift; path = WindDirection.swift; sourceTree = "<group>"; };
		C2F0CD3922F7347000D5EEE0 /* PageViewController.swift */ = {isa = PBXFileReference; lastKnownFileType = sourcecode.swift; path = PageViewController.swift; sourceTree = "<group>"; };
/* End PBXFileReference section */

/* Begin PBXFrameworksBuildPhase section */
		C249FB0522F35705003297A6 /* Frameworks */ = {
			isa = PBXFrameworksBuildPhase;
			buildActionMask = 2147483647;
			files = (
			);
			runOnlyForDeploymentPostprocessing = 0;
		};
/* End PBXFrameworksBuildPhase section */

/* Begin PBXGroup section */
		C2326F7F22F483D800FBEDEB /* Supporting Views */ = {
			isa = PBXGroup;
			children = (
				C26C356422F60893001B13B8 /* LocationListTableViewCell.swift */,
				C249FB1F22F363F2003297A6 /* HourlyCollectionViewCell.swift */,
				C2E2898B22F9CFA90049CF08 /* DailyTableViewCell.swift */,
				C2E2898C22F9CFA90049CF08 /* DailyTableViewCell.xib */,
				C2E2898F22F9D58A0049CF08 /* DetailTableViewCell.swift */,
				C2E2899022F9D58A0049CF08 /* DetailTableViewCell.xib */,
			);
			path = "Supporting Views";
			sourceTree = "<group>";
		};
		C2326F8C22F4853D00FBEDEB /* Extensions */ = {
			isa = PBXGroup;
			children = (
				C2E2FBF922F844800079B606 /* UserDefaults.swift */,
				C22D4BC622F8DD5400EB0EA8 /* Date.swift */,
				C2E2899722FA0EB40049CF08 /* StringInterpolation.swift */,
			);
			path = Extensions;
			sourceTree = "<group>";
		};
		C2326F9122F48CDB00FBEDEB /* Utilities */ = {
			isa = PBXGroup;
			children = (
				C249FB5D22F48367003297A6 /* DateConverter.swift */,
				C2326F8A22F4852E00FBEDEB /* OpenWeatherMapService.swift */,
				C2E2FBFB22F8947B0079B606 /* LocationManager.swift */,
				C2326F9222F48D0300FBEDEB /* WeatherIconImagePicker.swift */,
				C249FB1D22F35EC8003297A6 /* WeatherAPI.swift */,
				C2E2899322FA006F0049CF08 /* DataKeys.swift */,
				C2E2899522FA0DD80049CF08 /* UnitSymbol.swift */,
				C2E2899922FA1DFE0049CF08 /* DailyTableViewSection.swift */,
				C2E289A122FA3D860049CF08 /* LocationListCellType.swift */,
			);
			path = Utilities;
			sourceTree = "<group>";
		};
		C2326FA222F4B04F00FBEDEB /* View Controllers */ = {
			isa = PBXGroup;
			children = (
				C2F0CD3922F7347000D5EEE0 /* PageViewController.swift */,
				C26C355422F5C6FF001B13B8 /* WeatherViewController.swift */,
				C26C356222F6087E001B13B8 /* LocationListViewController.swift */,
				C2326FA022F4B04A00FBEDEB /* SearchViewController.swift */,
			);
			path = "View Controllers";
			sourceTree = "<group>";
		};
		C249FAFF22F35705003297A6 = {
			isa = PBXGroup;
			children = (
				C249FB0A22F35705003297A6 /* WeatherApp */,
				C249FB0922F35705003297A6 /* Products */,
			);
			sourceTree = "<group>";
		};
		C249FB0922F35705003297A6 /* Products */ = {
			isa = PBXGroup;
			children = (
				C249FB0822F35705003297A6 /* WeatherApp.app */,
			);
			name = Products;
			sourceTree = "<group>";
		};
		C249FB0A22F35705003297A6 /* WeatherApp */ = {
			isa = PBXGroup;
			children = (
				C249FB0B22F35705003297A6 /* AppDelegate.swift */,
				C249FB0F22F35705003297A6 /* Main.storyboard */,
				C2326FA322F4B81600FBEDEB /* Assets.xcassets */,
				C2326FA222F4B04F00FBEDEB /* View Controllers */,
				C2E289B522FAA0110049CF08 /* Delegates */,
				C2326F7F22F483D800FBEDEB /* Supporting Views */,
				C249FB5C22F48340003297A6 /* Model */,
				C2326F9122F48CDB00FBEDEB /* Utilities */,
				C2E289AA22FA8C090049CF08 /* Error */,
				C2326F8C22F4853D00FBEDEB /* Extensions */,
				C249FB1422F35706003297A6 /* LaunchScreen.storyboard */,
				C249FB1722F35706003297A6 /* Info.plist */,
			);
			path = WeatherApp;
			sourceTree = "<group>";
		};
		C249FB5C22F48340003297A6 /* Model */ = {
			isa = PBXGroup;
			children = (
				C26C355122F5C633001B13B8 /* View Model */,
				C249FB5A22F482FE003297A6 /* WeatherData.swift */,
				C2326F8822F484F000FBEDEB /* WeatherPresentable.swift */,
				C26C355822F5CC31001B13B8 /* Weather.swift */,
				C2326F8022F4840300FBEDEB /* CurrentWeather.swift */,
				C2326F8222F4844F00FBEDEB /* DailyWeatherItem.swift */,
				C2326F8422F4847F00FBEDEB /* HourlyWeatherItem.swift */,
				C22D4BC422F8D34A00EB0EA8 /* WeatherBuilder.swift */,
				C22D4BC222F8CFE000EB0EA8 /* DetailWeather.swift */,
				C2E2FBFD22F8C7900079B606 /* WindDirection.swift */,
				C2326F8622F484AD00FBEDEB /* Temperature.swift */,
				C2E2899D22FA2D240049CF08 /* TemperatureUnit.swift */,
				C2E2FBF722F833250079B606 /* Location.swift */,
				C2326F8D22F4854C00FBEDEB /* Coordinate.swift */,
			);
			path = Model;
			sourceTree = "<group>";
		};
		C26C355122F5C633001B13B8 /* View Model */ = {
			isa = PBXGroup;
			children = (
				C26C355222F5C654001B13B8 /* WeatherViewModel.swift */,
				C26C355C22F6044C001B13B8 /* Observable.swift */,
			);
			path = "View Model";
			sourceTree = "<group>";
		};
		C2E289AA22FA8C090049CF08 /* Error */ = {
			isa = PBXGroup;
			children = (
				C2E289A522FA85E40049CF08 /* ServiceError.swift */,
				C2E289AB22FA8C240049CF08 /* CreationError.swift */,
				C2E289AD22FA8C400049CF08 /* LocationError.swift */,
			);
			path = Error;
			sourceTree = "<group>";
		};
		C2E289B522FAA0110049CF08 /* Delegates */ = {
			isa = PBXGroup;
			children = (
				C2E289AF22FA9FAB0049CF08 /* LocationManagerDelegate.swift */,
				C2E289B122FA9FB80049CF08 /* LocationListDelegate.swift */,
				C2E289B322FA9FCD0049CF08 /* SearchViewDelegate.swift */,
			);
			path = Delegates;
			sourceTree = "<group>";
		};
/* End PBXGroup section */

/* Begin PBXNativeTarget section */
		C249FB0722F35705003297A6 /* WeatherApp */ = {
			isa = PBXNativeTarget;
			buildConfigurationList = C249FB1A22F35706003297A6 /* Build configuration list for PBXNativeTarget "WeatherApp" */;
			buildPhases = (
				C249FB0422F35705003297A6 /* Sources */,
				C249FB0522F35705003297A6 /* Frameworks */,
				C249FB0622F35705003297A6 /* Resources */,
			);
			buildRules = (
			);
			dependencies = (
			);
			name = WeatherApp;
			productName = WeatherApp;
			productReference = C249FB0822F35705003297A6 /* WeatherApp.app */;
			productType = "com.apple.product-type.application";
		};
/* End PBXNativeTarget section */

/* Begin PBXProject section */
		C249FB0022F35705003297A6 /* Project object */ = {
			isa = PBXProject;
			attributes = {
				LastSwiftUpdateCheck = 1020;
				LastUpgradeCheck = 1020;
				ORGANIZATIONNAME = allwhite;
				TargetAttributes = {
					C249FB0722F35705003297A6 = {
						CreatedOnToolsVersion = 10.2.1;
					};
				};
			};
			buildConfigurationList = C249FB0322F35705003297A6 /* Build configuration list for PBXProject "WeatherApp" */;
			compatibilityVersion = "Xcode 9.3";
			developmentRegion = en;
			hasScannedForEncodings = 0;
			knownRegions = (
				en,
				Base,
			);
			mainGroup = C249FAFF22F35705003297A6;
			productRefGroup = C249FB0922F35705003297A6 /* Products */;
			projectDirPath = "";
			projectRoot = "";
			targets = (
				C249FB0722F35705003297A6 /* WeatherApp */,
			);
		};
/* End PBXProject section */

/* Begin PBXResourcesBuildPhase section */
		C249FB0622F35705003297A6 /* Resources */ = {
			isa = PBXResourcesBuildPhase;
			buildActionMask = 2147483647;
			files = (
				C249FB1622F35706003297A6 /* LaunchScreen.storyboard in Resources */,
				C2E2899222F9D58A0049CF08 /* DetailTableViewCell.xib in Resources */,
				C2E2898E22F9CFA90049CF08 /* DailyTableViewCell.xib in Resources */,
				C2326FA422F4B81600FBEDEB /* Assets.xcassets in Resources */,
				C249FB1122F35705003297A6 /* Main.storyboard in Resources */,
			);
			runOnlyForDeploymentPostprocessing = 0;
		};
/* End PBXResourcesBuildPhase section */

/* Begin PBXSourcesBuildPhase section */
		C249FB0422F35705003297A6 /* Sources */ = {
			isa = PBXSourcesBuildPhase;
			buildActionMask = 2147483647;
			files = (
				C2326F8522F4847F00FBEDEB /* HourlyWeatherItem.swift in Sources */,
				C22D4BC722F8DD5400EB0EA8 /* Date.swift in Sources */,
				C2E2FBFE22F8C7900079B606 /* WindDirection.swift in Sources */,
				C2E289AC22FA8C240049CF08 /* CreationError.swift in Sources */,
				C26C355522F5C6FF001B13B8 /* WeatherViewController.swift in Sources */,
				C26C355322F5C654001B13B8 /* WeatherViewModel.swift in Sources */,
				C26C355922F5CC31001B13B8 /* Weather.swift in Sources */,
				C2E289B222FA9FB80049CF08 /* LocationListDelegate.swift in Sources */,
				C22D4BC322F8CFE000EB0EA8 /* DetailWeather.swift in Sources */,
				C26C356522F60893001B13B8 /* LocationListTableViewCell.swift in Sources */,
				C2326F9322F48D0300FBEDEB /* WeatherIconImagePicker.swift in Sources */,
				C2E2FBFA22F844800079B606 /* UserDefaults.swift in Sources */,
				C2F0CD3A22F7347000D5EEE0 /* PageViewController.swift in Sources */,
				C2326F8B22F4852E00FBEDEB /* OpenWeatherMapService.swift in Sources */,
				C2326FA122F4B04A00FBEDEB /* SearchViewController.swift in Sources */,
				C249FB5E22F48367003297A6 /* DateConverter.swift in Sources */,
				C2E2FBF822F833250079B606 /* Location.swift in Sources */,
				C2E2FBFC22F8947B0079B606 /* LocationManager.swift in Sources */,
				C2326F8322F4844F00FBEDEB /* DailyWeatherItem.swift in Sources */,
				C249FB1E22F35EC8003297A6 /* WeatherAPI.swift in Sources */,
				C2E289A222FA3D860049CF08 /* LocationListCellType.swift in Sources */,
				C26C356322F6087E001B13B8 /* LocationListViewController.swift in Sources */,
				C2E289AE22FA8C400049CF08 /* LocationError.swift in Sources */,
				C2E2899822FA0EB40049CF08 /* StringInterpolation.swift in Sources */,
				C22D4BC522F8D34A00EB0EA8 /* WeatherBuilder.swift in Sources */,
				C2326F8122F4840300FBEDEB /* CurrentWeather.swift in Sources */,
				C2E2898D22F9CFA90049CF08 /* DailyTableViewCell.swift in Sources */,
				C2E289B422FA9FCD0049CF08 /* SearchViewDelegate.swift in Sources */,
				C2326F8E22F4854C00FBEDEB /* Coordinate.swift in Sources */,
				C2326F8722F484AD00FBEDEB /* Temperature.swift in Sources */,
				C2326F8922F484F000FBEDEB /* WeatherPresentable.swift in Sources */,
				C249FB0C22F35705003297A6 /* AppDelegate.swift in Sources */,
				C26C355D22F6044C001B13B8 /* Observable.swift in Sources */,
				C2E289B022FA9FAB0049CF08 /* LocationManagerDelegate.swift in Sources */,
				C249FB5B22F482FE003297A6 /* WeatherData.swift in Sources */,
				C2E2899E22FA2D240049CF08 /* TemperatureUnit.swift in Sources */,
				C249FB2022F363F2003297A6 /* HourlyCollectionViewCell.swift in Sources */,
				C2E2899122F9D58A0049CF08 /* DetailTableViewCell.swift in Sources */,
				C2E2899A22FA1DFE0049CF08 /* DailyTableViewSection.swift in Sources */,
				C2E289A622FA85E40049CF08 /* ServiceError.swift in Sources */,
				C2E2899422FA006F0049CF08 /* DataKeys.swift in Sources */,
				C2E2899622FA0DD80049CF08 /* UnitSymbol.swift in Sources */,
			);
			runOnlyForDeploymentPostprocessing = 0;
		};
/* End PBXSourcesBuildPhase section */

/* Begin PBXVariantGroup section */
		C249FB0F22F35705003297A6 /* Main.storyboard */ = {
			isa = PBXVariantGroup;
			children = (
				C249FB1022F35705003297A6 /* Base */,
			);
			name = Main.storyboard;
			sourceTree = "<group>";
		};
		C249FB1422F35706003297A6 /* LaunchScreen.storyboard */ = {
			isa = PBXVariantGroup;
			children = (
				C249FB1522F35706003297A6 /* Base */,
			);
			name = LaunchScreen.storyboard;
			sourceTree = "<group>";
		};
/* End PBXVariantGroup section */

/* Begin XCBuildConfiguration section */
		C249FB1822F35706003297A6 /* Debug */ = {
			isa = XCBuildConfiguration;
			buildSettings = {
				ALWAYS_SEARCH_USER_PATHS = NO;
				CLANG_ANALYZER_NONNULL = YES;
				CLANG_ANALYZER_NUMBER_OBJECT_CONVERSION = YES_AGGRESSIVE;
				CLANG_CXX_LANGUAGE_STANDARD = "gnu++14";
				CLANG_CXX_LIBRARY = "libc++";
				CLANG_ENABLE_MODULES = YES;
				CLANG_ENABLE_OBJC_ARC = YES;
				CLANG_ENABLE_OBJC_WEAK = YES;
				CLANG_WARN_BLOCK_CAPTURE_AUTORELEASING = YES;
				CLANG_WARN_BOOL_CONVERSION = YES;
				CLANG_WARN_COMMA = YES;
				CLANG_WARN_CONSTANT_CONVERSION = YES;
				CLANG_WARN_DEPRECATED_OBJC_IMPLEMENTATIONS = YES;
				CLANG_WARN_DIRECT_OBJC_ISA_USAGE = YES_ERROR;
				CLANG_WARN_DOCUMENTATION_COMMENTS = YES;
				CLANG_WARN_EMPTY_BODY = YES;
				CLANG_WARN_ENUM_CONVERSION = YES;
				CLANG_WARN_INFINITE_RECURSION = YES;
				CLANG_WARN_INT_CONVERSION = YES;
				CLANG_WARN_NON_LITERAL_NULL_CONVERSION = YES;
				CLANG_WARN_OBJC_IMPLICIT_RETAIN_SELF = YES;
				CLANG_WARN_OBJC_LITERAL_CONVERSION = YES;
				CLANG_WARN_OBJC_ROOT_CLASS = YES_ERROR;
				CLANG_WARN_RANGE_LOOP_ANALYSIS = YES;
				CLANG_WARN_STRICT_PROTOTYPES = YES;
				CLANG_WARN_SUSPICIOUS_MOVE = YES;
				CLANG_WARN_UNGUARDED_AVAILABILITY = YES_AGGRESSIVE;
				CLANG_WARN_UNREACHABLE_CODE = YES;
				CLANG_WARN__DUPLICATE_METHOD_MATCH = YES;
				CODE_SIGN_IDENTITY = "iPhone Developer";
				COPY_PHASE_STRIP = NO;
				DEBUG_INFORMATION_FORMAT = dwarf;
				ENABLE_STRICT_OBJC_MSGSEND = YES;
				ENABLE_TESTABILITY = YES;
				GCC_C_LANGUAGE_STANDARD = gnu11;
				GCC_DYNAMIC_NO_PIC = NO;
				GCC_NO_COMMON_BLOCKS = YES;
				GCC_OPTIMIZATION_LEVEL = 0;
				GCC_PREPROCESSOR_DEFINITIONS = (
					"DEBUG=1",
					"$(inherited)",
				);
				GCC_WARN_64_TO_32_BIT_CONVERSION = YES;
				GCC_WARN_ABOUT_RETURN_TYPE = YES_ERROR;
				GCC_WARN_UNDECLARED_SELECTOR = YES;
				GCC_WARN_UNINITIALIZED_AUTOS = YES_AGGRESSIVE;
				GCC_WARN_UNUSED_FUNCTION = YES;
				GCC_WARN_UNUSED_VARIABLE = YES;
				IPHONEOS_DEPLOYMENT_TARGET = 12.2;
				MTL_ENABLE_DEBUG_INFO = INCLUDE_SOURCE;
				MTL_FAST_MATH = YES;
				ONLY_ACTIVE_ARCH = YES;
				SDKROOT = iphoneos;
				SWIFT_ACTIVE_COMPILATION_CONDITIONS = DEBUG;
				SWIFT_OPTIMIZATION_LEVEL = "-Onone";
			};
			name = Debug;
		};
		C249FB1922F35706003297A6 /* Release */ = {
			isa = XCBuildConfiguration;
			buildSettings = {
				ALWAYS_SEARCH_USER_PATHS = NO;
				CLANG_ANALYZER_NONNULL = YES;
				CLANG_ANALYZER_NUMBER_OBJECT_CONVERSION = YES_AGGRESSIVE;
				CLANG_CXX_LANGUAGE_STANDARD = "gnu++14";
				CLANG_CXX_LIBRARY = "libc++";
				CLANG_ENABLE_MODULES = YES;
				CLANG_ENABLE_OBJC_ARC = YES;
				CLANG_ENABLE_OBJC_WEAK = YES;
				CLANG_WARN_BLOCK_CAPTURE_AUTORELEASING = YES;
				CLANG_WARN_BOOL_CONVERSION = YES;
				CLANG_WARN_COMMA = YES;
				CLANG_WARN_CONSTANT_CONVERSION = YES;
				CLANG_WARN_DEPRECATED_OBJC_IMPLEMENTATIONS = YES;
				CLANG_WARN_DIRECT_OBJC_ISA_USAGE = YES_ERROR;
				CLANG_WARN_DOCUMENTATION_COMMENTS = YES;
				CLANG_WARN_EMPTY_BODY = YES;
				CLANG_WARN_ENUM_CONVERSION = YES;
				CLANG_WARN_INFINITE_RECURSION = YES;
				CLANG_WARN_INT_CONVERSION = YES;
				CLANG_WARN_NON_LITERAL_NULL_CONVERSION = YES;
				CLANG_WARN_OBJC_IMPLICIT_RETAIN_SELF = YES;
				CLANG_WARN_OBJC_LITERAL_CONVERSION = YES;
				CLANG_WARN_OBJC_ROOT_CLASS = YES_ERROR;
				CLANG_WARN_RANGE_LOOP_ANALYSIS = YES;
				CLANG_WARN_STRICT_PROTOTYPES = YES;
				CLANG_WARN_SUSPICIOUS_MOVE = YES;
				CLANG_WARN_UNGUARDED_AVAILABILITY = YES_AGGRESSIVE;
				CLANG_WARN_UNREACHABLE_CODE = YES;
				CLANG_WARN__DUPLICATE_METHOD_MATCH = YES;
				CODE_SIGN_IDENTITY = "iPhone Developer";
				COPY_PHASE_STRIP = NO;
				DEBUG_INFORMATION_FORMAT = "dwarf-with-dsym";
				ENABLE_NS_ASSERTIONS = NO;
				ENABLE_STRICT_OBJC_MSGSEND = YES;
				GCC_C_LANGUAGE_STANDARD = gnu11;
				GCC_NO_COMMON_BLOCKS = YES;
				GCC_WARN_64_TO_32_BIT_CONVERSION = YES;
				GCC_WARN_ABOUT_RETURN_TYPE = YES_ERROR;
				GCC_WARN_UNDECLARED_SELECTOR = YES;
				GCC_WARN_UNINITIALIZED_AUTOS = YES_AGGRESSIVE;
				GCC_WARN_UNUSED_FUNCTION = YES;
				GCC_WARN_UNUSED_VARIABLE = YES;
				IPHONEOS_DEPLOYMENT_TARGET = 12.2;
				MTL_ENABLE_DEBUG_INFO = NO;
				MTL_FAST_MATH = YES;
				SDKROOT = iphoneos;
				SWIFT_COMPILATION_MODE = wholemodule;
				SWIFT_OPTIMIZATION_LEVEL = "-O";
				VALIDATE_PRODUCT = YES;
			};
			name = Release;
		};
		C249FB1B22F35706003297A6 /* Debug */ = {
			isa = XCBuildConfiguration;
			buildSettings = {
				ASSETCATALOG_COMPILER_APPICON_NAME = AppIcon;
				CODE_SIGN_STYLE = Automatic;
				DEVELOPMENT_TEAM = A2FVBU2BHD;
				INFOPLIST_FILE = WeatherApp/Info.plist;
				LD_RUNPATH_SEARCH_PATHS = (
					"$(inherited)",
					"@executable_path/Frameworks",
				);
				PRODUCT_BUNDLE_IDENTIFIER = com.allwhite.WeatherApp;
				PRODUCT_NAME = "$(TARGET_NAME)";
				SWIFT_VERSION = 5.0;
				TARGETED_DEVICE_FAMILY = "1,2";
			};
			name = Debug;
		};
		C249FB1C22F35706003297A6 /* Release */ = {
			isa = XCBuildConfiguration;
			buildSettings = {
				ASSETCATALOG_COMPILER_APPICON_NAME = AppIcon;
				CODE_SIGN_STYLE = Automatic;
				DEVELOPMENT_TEAM = A2FVBU2BHD;
				INFOPLIST_FILE = WeatherApp/Info.plist;
				LD_RUNPATH_SEARCH_PATHS = (
					"$(inherited)",
					"@executable_path/Frameworks",
				);
				PRODUCT_BUNDLE_IDENTIFIER = com.allwhite.WeatherApp;
				PRODUCT_NAME = "$(TARGET_NAME)";
				SWIFT_VERSION = 5.0;
				TARGETED_DEVICE_FAMILY = "1,2";
			};
			name = Release;
		};
/* End XCBuildConfiguration section */

/* Begin XCConfigurationList section */
		C249FB0322F35705003297A6 /* Build configuration list for PBXProject "WeatherApp" */ = {
			isa = XCConfigurationList;
			buildConfigurations = (
				C249FB1822F35706003297A6 /* Debug */,
				C249FB1922F35706003297A6 /* Release */,
			);
			defaultConfigurationIsVisible = 0;
			defaultConfigurationName = Release;
		};
		C249FB1A22F35706003297A6 /* Build configuration list for PBXNativeTarget "WeatherApp" */ = {
			isa = XCConfigurationList;
			buildConfigurations = (
				C249FB1B22F35706003297A6 /* Debug */,
				C249FB1C22F35706003297A6 /* Release */,
			);
			defaultConfigurationIsVisible = 0;
			defaultConfigurationName = Release;
		};
/* End XCConfigurationList section */
	};
	rootObject = C249FB0022F35705003297A6 /* Project object */;
}
