// !$*UTF8*$!
{
	archiveVersion = 1;
	classes = {
	};
	objectVersion = 50;
	objects = {

/* Begin PBXBuildFile section */
		C249FB0C22F35705003297A6 /* AppDelegate.swift in Sources */ = {isa = PBXBuildFile; fileRef = C249FB0B22F35705003297A6 /* AppDelegate.swift */; };
		C249FB0E22F35705003297A6 /* ViewController.swift in Sources */ = {isa = PBXBuildFile; fileRef = C249FB0D22F35705003297A6 /* ViewController.swift */; };
		C249FB1122F35705003297A6 /* Main.storyboard in Resources */ = {isa = PBXBuildFile; fileRef = C249FB0F22F35705003297A6 /* Main.storyboard */; };
		C249FB1322F35706003297A6 /* Assets.xcassets in Resources */ = {isa = PBXBuildFile; fileRef = C249FB1222F35706003297A6 /* Assets.xcassets */; };
		C249FB1622F35706003297A6 /* LaunchScreen.storyboard in Resources */ = {isa = PBXBuildFile; fileRef = C249FB1422F35706003297A6 /* LaunchScreen.storyboard */; };
		C249FB1E22F35EC8003297A6 /* WeatherAPI.swift in Sources */ = {isa = PBXBuildFile; fileRef = C249FB1D22F35EC8003297A6 /* WeatherAPI.swift */; };
		C249FB2022F363F2003297A6 /* HourlyCollectionViewCell.swift in Sources */ = {isa = PBXBuildFile; fileRef = C249FB1F22F363F2003297A6 /* HourlyCollectionViewCell.swift */; };
		C249FB2222F369A6003297A6 /* DailyTableViewCell.swift in Sources */ = {isa = PBXBuildFile; fileRef = C249FB2122F369A6003297A6 /* DailyTableViewCell.swift */; };
		C249FB2822F42860003297A6 /* URLSession.swift in Sources */ = {isa = PBXBuildFile; fileRef = C249FB2722F42860003297A6 /* URLSession.swift */; };
		C249FB2A22F43587003297A6 /* Weather.swift in Sources */ = {isa = PBXBuildFile; fileRef = C249FB2922F43587003297A6 /* Weather.swift */; };
		C249FB2D22F439D9003297A6 /* DateConverter.swift in Sources */ = {isa = PBXBuildFile; fileRef = C249FB2C22F439D9003297A6 /* DateConverter.swift */; };
		C249FB3122F441A3003297A6 /* Temperature.swift in Sources */ = {isa = PBXBuildFile; fileRef = C249FB3022F441A3003297A6 /* Temperature.swift */; };
		C249FB3822F44B1B003297A6 /* Service.swift in Sources */ = {isa = PBXBuildFile; fileRef = C249FB3722F44B1B003297A6 /* Service.swift */; };
		C249FB3A22F44E8E003297A6 /* Coordinate.swift in Sources */ = {isa = PBXBuildFile; fileRef = C249FB3922F44E8E003297A6 /* Coordinate.swift */; };
		C249FB3C22F45722003297A6 /* HourlyWeatherItem.swift in Sources */ = {isa = PBXBuildFile; fileRef = C249FB3B22F45722003297A6 /* HourlyWeatherItem.swift */; };
		C249FB4022F4669A003297A6 /* WeatherPresentable.swift in Sources */ = {isa = PBXBuildFile; fileRef = C249FB3F22F4669A003297A6 /* WeatherPresentable.swift */; };
/* End PBXBuildFile section */

/* Begin PBXFileReference section */
		C249FB0822F35705003297A6 /* WeatherApp.app */ = {isa = PBXFileReference; explicitFileType = wrapper.application; includeInIndex = 0; path = WeatherApp.app; sourceTree = BUILT_PRODUCTS_DIR; };
		C249FB0B22F35705003297A6 /* AppDelegate.swift */ = {isa = PBXFileReference; lastKnownFileType = sourcecode.swift; path = AppDelegate.swift; sourceTree = "<group>"; };
		C249FB0D22F35705003297A6 /* ViewController.swift */ = {isa = PBXFileReference; lastKnownFileType = sourcecode.swift; path = ViewController.swift; sourceTree = "<group>"; };
		C249FB1022F35705003297A6 /* Base */ = {isa = PBXFileReference; lastKnownFileType = file.storyboard; name = Base; path = Base.lproj/Main.storyboard; sourceTree = "<group>"; };
		C249FB1222F35706003297A6 /* Assets.xcassets */ = {isa = PBXFileReference; lastKnownFileType = folder.assetcatalog; path = Assets.xcassets; sourceTree = "<group>"; };
		C249FB1522F35706003297A6 /* Base */ = {isa = PBXFileReference; lastKnownFileType = file.storyboard; name = Base; path = Base.lproj/LaunchScreen.storyboard; sourceTree = "<group>"; };
		C249FB1722F35706003297A6 /* Info.plist */ = {isa = PBXFileReference; lastKnownFileType = text.plist.xml; path = Info.plist; sourceTree = "<group>"; };
		C249FB1D22F35EC8003297A6 /* WeatherAPI.swift */ = {isa = PBXFileReference; lastKnownFileType = sourcecode.swift; path = WeatherAPI.swift; sourceTree = "<group>"; };
		C249FB1F22F363F2003297A6 /* HourlyCollectionViewCell.swift */ = {isa = PBXFileReference; lastKnownFileType = sourcecode.swift; path = HourlyCollectionViewCell.swift; sourceTree = "<group>"; };
		C249FB2122F369A6003297A6 /* DailyTableViewCell.swift */ = {isa = PBXFileReference; lastKnownFileType = sourcecode.swift; path = DailyTableViewCell.swift; sourceTree = "<group>"; };
		C249FB2722F42860003297A6 /* URLSession.swift */ = {isa = PBXFileReference; lastKnownFileType = sourcecode.swift; path = URLSession.swift; sourceTree = "<group>"; };
		C249FB2922F43587003297A6 /* Weather.swift */ = {isa = PBXFileReference; lastKnownFileType = sourcecode.swift; path = Weather.swift; sourceTree = "<group>"; };
		C249FB2C22F439D9003297A6 /* DateConverter.swift */ = {isa = PBXFileReference; lastKnownFileType = sourcecode.swift; name = DateConverter.swift; path = ../DateConverter.swift; sourceTree = "<group>"; };
		C249FB3022F441A3003297A6 /* Temperature.swift */ = {isa = PBXFileReference; lastKnownFileType = sourcecode.swift; path = Temperature.swift; sourceTree = "<group>"; };
		C249FB3722F44B1B003297A6 /* Service.swift */ = {isa = PBXFileReference; lastKnownFileType = sourcecode.swift; path = Service.swift; sourceTree = "<group>"; };
		C249FB3922F44E8E003297A6 /* Coordinate.swift */ = {isa = PBXFileReference; lastKnownFileType = sourcecode.swift; path = Coordinate.swift; sourceTree = "<group>"; };
		C249FB3B22F45722003297A6 /* HourlyWeatherItem.swift */ = {isa = PBXFileReference; lastKnownFileType = sourcecode.swift; path = HourlyWeatherItem.swift; sourceTree = "<group>"; };
		C249FB3F22F4669A003297A6 /* WeatherPresentable.swift */ = {isa = PBXFileReference; lastKnownFileType = sourcecode.swift; path = WeatherPresentable.swift; sourceTree = "<group>"; };
/* End PBXFileReference section */

/* Begin PBXFrameworksBuildPhase section */
		C249FB0522F35705003297A6 /* Frameworks */ = {
			isa = PBXFrameworksBuildPhase;
			buildActionMask = 2147483647;
			files = (
			);
			runOnlyForDeploymentPostprocessing = 0;
		};
/* End PBXFrameworksBuildPhase section */

/* Begin PBXGroup section */
		C249FAFF22F35705003297A6 = {
			isa = PBXGroup;
			children = (
				C249FB0A22F35705003297A6 /* WeatherApp */,
				C249FB0922F35705003297A6 /* Products */,
			);
			sourceTree = "<group>";
		};
		C249FB0922F35705003297A6 /* Products */ = {
			isa = PBXGroup;
			children = (
				C249FB0822F35705003297A6 /* WeatherApp.app */,
			);
			name = Products;
			sourceTree = "<group>";
		};
		C249FB0A22F35705003297A6 /* WeatherApp */ = {
			isa = PBXGroup;
			children = (
				C249FB0B22F35705003297A6 /* AppDelegate.swift */,
				C249FB0F22F35705003297A6 /* Main.storyboard */,
				C249FB0D22F35705003297A6 /* ViewController.swift */,
				C249FB3722F44B1B003297A6 /* Service.swift */,
				C249FB3622F44424003297A6 /* SupportingViews */,
				C249FB3522F44413003297A6 /* Extension */,
				C249FB2B22F43853003297A6 /* Model */,
				C249FB1222F35706003297A6 /* Assets.xcassets */,
				C249FB1422F35706003297A6 /* LaunchScreen.storyboard */,
				C249FB1722F35706003297A6 /* Info.plist */,
			);
			path = WeatherApp;
			sourceTree = "<group>";
		};
		C249FB2B22F43853003297A6 /* Model */ = {
			isa = PBXGroup;
			children = (
				C249FB1D22F35EC8003297A6 /* WeatherAPI.swift */,
				C249FB2922F43587003297A6 /* Weather.swift */,
				C249FB3F22F4669A003297A6 /* WeatherPresentable.swift */,
				C249FB3B22F45722003297A6 /* HourlyWeatherItem.swift */,
				C249FB3022F441A3003297A6 /* Temperature.swift */,
				C249FB2C22F439D9003297A6 /* DateConverter.swift */,
			);
			path = Model;
			sourceTree = "<group>";
		};
		C249FB3522F44413003297A6 /* Extension */ = {
			isa = PBXGroup;
			children = (
				C249FB2722F42860003297A6 /* URLSession.swift */,
				C249FB3922F44E8E003297A6 /* Coordinate.swift */,
			);
			path = Extension;
			sourceTree = "<group>";
		};
		C249FB3622F44424003297A6 /* SupportingViews */ = {
			isa = PBXGroup;
			children = (
				C249FB1F22F363F2003297A6 /* HourlyCollectionViewCell.swift */,
				C249FB2122F369A6003297A6 /* DailyTableViewCell.swift */,
			);
			path = SupportingViews;
			sourceTree = "<group>";
		};
/* End PBXGroup section */

/* Begin PBXNativeTarget section */
		C249FB0722F35705003297A6 /* WeatherApp */ = {
			isa = PBXNativeTarget;
			buildConfigurationList = C249FB1A22F35706003297A6 /* Build configuration list for PBXNativeTarget "WeatherApp" */;
			buildPhases = (
				C249FB0422F35705003297A6 /* Sources */,
				C249FB0522F35705003297A6 /* Frameworks */,
				C249FB0622F35705003297A6 /* Resources */,
			);
			buildRules = (
			);
			dependencies = (
			);
			name = WeatherApp;
			productName = WeatherApp;
			productReference = C249FB0822F35705003297A6 /* WeatherApp.app */;
			productType = "com.apple.product-type.application";
		};
/* End PBXNativeTarget section */

/* Begin PBXProject section */
		C249FB0022F35705003297A6 /* Project object */ = {
			isa = PBXProject;
			attributes = {
				LastSwiftUpdateCheck = 1020;
				LastUpgradeCheck = 1020;
				ORGANIZATIONNAME = allwhite;
				TargetAttributes = {
					C249FB0722F35705003297A6 = {
						CreatedOnToolsVersion = 10.2.1;
					};
				};
			};
			buildConfigurationList = C249FB0322F35705003297A6 /* Build configuration list for PBXProject "WeatherApp" */;
			compatibilityVersion = "Xcode 9.3";
			developmentRegion = en;
			hasScannedForEncodings = 0;
			knownRegions = (
				en,
				Base,
			);
			mainGroup = C249FAFF22F35705003297A6;
			productRefGroup = C249FB0922F35705003297A6 /* Products */;
			projectDirPath = "";
			projectRoot = "";
			targets = (
				C249FB0722F35705003297A6 /* WeatherApp */,
			);
		};
/* End PBXProject section */

/* Begin PBXResourcesBuildPhase section */
		C249FB0622F35705003297A6 /* Resources */ = {
			isa = PBXResourcesBuildPhase;
			buildActionMask = 2147483647;
			files = (
				C249FB1622F35706003297A6 /* LaunchScreen.storyboard in Resources */,
				C249FB1322F35706003297A6 /* Assets.xcassets in Resources */,
				C249FB1122F35705003297A6 /* Main.storyboard in Resources */,
			);
			runOnlyForDeploymentPostprocessing = 0;
		};
/* End PBXResourcesBuildPhase section */

/* Begin PBXSourcesBuildPhase section */
		C249FB0422F35705003297A6 /* Sources */ = {
			isa = PBXSourcesBuildPhase;
			buildActionMask = 2147483647;
			files = (
				C249FB1E22F35EC8003297A6 /* WeatherAPI.swift in Sources */,
				C249FB2222F369A6003297A6 /* DailyTableViewCell.swift in Sources */,
				C249FB3122F441A3003297A6 /* Temperature.swift in Sources */,
				C249FB2822F42860003297A6 /* URLSession.swift in Sources */,
				C249FB0E22F35705003297A6 /* ViewController.swift in Sources */,
				C249FB3A22F44E8E003297A6 /* Coordinate.swift in Sources */,
				C249FB4022F4669A003297A6 /* WeatherPresentable.swift in Sources */,
				C249FB2D22F439D9003297A6 /* DateConverter.swift in Sources */,
				C249FB0C22F35705003297A6 /* AppDelegate.swift in Sources */,
				C249FB3822F44B1B003297A6 /* Service.swift in Sources */,
				C249FB3C22F45722003297A6 /* HourlyWeatherItem.swift in Sources */,
				C249FB2022F363F2003297A6 /* HourlyCollectionViewCell.swift in Sources */,
				C249FB2A22F43587003297A6 /* Weather.swift in Sources */,
			);
			runOnlyForDeploymentPostprocessing = 0;
		};
/* End PBXSourcesBuildPhase section */

/* Begin PBXVariantGroup section */
		C249FB0F22F35705003297A6 /* Main.storyboard */ = {
			isa = PBXVariantGroup;
			children = (
				C249FB1022F35705003297A6 /* Base */,
			);
			name = Main.storyboard;
			sourceTree = "<group>";
		};
		C249FB1422F35706003297A6 /* LaunchScreen.storyboard */ = {
			isa = PBXVariantGroup;
			children = (
				C249FB1522F35706003297A6 /* Base */,
			);
			name = LaunchScreen.storyboard;
			sourceTree = "<group>";
		};
/* End PBXVariantGroup section */

/* Begin XCBuildConfiguration section */
		C249FB1822F35706003297A6 /* Debug */ = {
			isa = XCBuildConfiguration;
			buildSettings = {
				ALWAYS_SEARCH_USER_PATHS = NO;
				CLANG_ANALYZER_NONNULL = YES;
				CLANG_ANALYZER_NUMBER_OBJECT_CONVERSION = YES_AGGRESSIVE;
				CLANG_CXX_LANGUAGE_STANDARD = "gnu++14";
				CLANG_CXX_LIBRARY = "libc++";
				CLANG_ENABLE_MODULES = YES;
				CLANG_ENABLE_OBJC_ARC = YES;
				CLANG_ENABLE_OBJC_WEAK = YES;
				CLANG_WARN_BLOCK_CAPTURE_AUTORELEASING = YES;
				CLANG_WARN_BOOL_CONVERSION = YES;
				CLANG_WARN_COMMA = YES;
				CLANG_WARN_CONSTANT_CONVERSION = YES;
				CLANG_WARN_DEPRECATED_OBJC_IMPLEMENTATIONS = YES;
				CLANG_WARN_DIRECT_OBJC_ISA_USAGE = YES_ERROR;
				CLANG_WARN_DOCUMENTATION_COMMENTS = YES;
				CLANG_WARN_EMPTY_BODY = YES;
				CLANG_WARN_ENUM_CONVERSION = YES;
				CLANG_WARN_INFINITE_RECURSION = YES;
				CLANG_WARN_INT_CONVERSION = YES;
				CLANG_WARN_NON_LITERAL_NULL_CONVERSION = YES;
				CLANG_WARN_OBJC_IMPLICIT_RETAIN_SELF = YES;
				CLANG_WARN_OBJC_LITERAL_CONVERSION = YES;
				CLANG_WARN_OBJC_ROOT_CLASS = YES_ERROR;
				CLANG_WARN_RANGE_LOOP_ANALYSIS = YES;
				CLANG_WARN_STRICT_PROTOTYPES = YES;
				CLANG_WARN_SUSPICIOUS_MOVE = YES;
				CLANG_WARN_UNGUARDED_AVAILABILITY = YES_AGGRESSIVE;
				CLANG_WARN_UNREACHABLE_CODE = YES;
				CLANG_WARN__DUPLICATE_METHOD_MATCH = YES;
				CODE_SIGN_IDENTITY = "iPhone Developer";
				COPY_PHASE_STRIP = NO;
				DEBUG_INFORMATION_FORMAT = dwarf;
				ENABLE_STRICT_OBJC_MSGSEND = YES;
				ENABLE_TESTABILITY = YES;
				GCC_C_LANGUAGE_STANDARD = gnu11;
				GCC_DYNAMIC_NO_PIC = NO;
				GCC_NO_COMMON_BLOCKS = YES;
				GCC_OPTIMIZATION_LEVEL = 0;
				GCC_PREPROCESSOR_DEFINITIONS = (
					"DEBUG=1",
					"$(inherited)",
				);
				GCC_WARN_64_TO_32_BIT_CONVERSION = YES;
				GCC_WARN_ABOUT_RETURN_TYPE = YES_ERROR;
				GCC_WARN_UNDECLARED_SELECTOR = YES;
				GCC_WARN_UNINITIALIZED_AUTOS = YES_AGGRESSIVE;
				GCC_WARN_UNUSED_FUNCTION = YES;
				GCC_WARN_UNUSED_VARIABLE = YES;
				IPHONEOS_DEPLOYMENT_TARGET = 12.2;
				MTL_ENABLE_DEBUG_INFO = INCLUDE_SOURCE;
				MTL_FAST_MATH = YES;
				ONLY_ACTIVE_ARCH = YES;
				SDKROOT = iphoneos;
				SWIFT_ACTIVE_COMPILATION_CONDITIONS = DEBUG;
				SWIFT_OPTIMIZATION_LEVEL = "-Onone";
			};
			name = Debug;
		};
		C249FB1922F35706003297A6 /* Release */ = {
			isa = XCBuildConfiguration;
			buildSettings = {
				ALWAYS_SEARCH_USER_PATHS = NO;
				CLANG_ANALYZER_NONNULL = YES;
				CLANG_ANALYZER_NUMBER_OBJECT_CONVERSION = YES_AGGRESSIVE;
				CLANG_CXX_LANGUAGE_STANDARD = "gnu++14";
				CLANG_CXX_LIBRARY = "libc++";
				CLANG_ENABLE_MODULES = YES;
				CLANG_ENABLE_OBJC_ARC = YES;
				CLANG_ENABLE_OBJC_WEAK = YES;
				CLANG_WARN_BLOCK_CAPTURE_AUTORELEASING = YES;
				CLANG_WARN_BOOL_CONVERSION = YES;
				CLANG_WARN_COMMA = YES;
				CLANG_WARN_CONSTANT_CONVERSION = YES;
				CLANG_WARN_DEPRECATED_OBJC_IMPLEMENTATIONS = YES;
				CLANG_WARN_DIRECT_OBJC_ISA_USAGE = YES_ERROR;
				CLANG_WARN_DOCUMENTATION_COMMENTS = YES;
				CLANG_WARN_EMPTY_BODY = YES;
				CLANG_WARN_ENUM_CONVERSION = YES;
				CLANG_WARN_INFINITE_RECURSION = YES;
				CLANG_WARN_INT_CONVERSION = YES;
				CLANG_WARN_NON_LITERAL_NULL_CONVERSION = YES;
				CLANG_WARN_OBJC_IMPLICIT_RETAIN_SELF = YES;
				CLANG_WARN_OBJC_LITERAL_CONVERSION = YES;
				CLANG_WARN_OBJC_ROOT_CLASS = YES_ERROR;
				CLANG_WARN_RANGE_LOOP_ANALYSIS = YES;
				CLANG_WARN_STRICT_PROTOTYPES = YES;
				CLANG_WARN_SUSPICIOUS_MOVE = YES;
				CLANG_WARN_UNGUARDED_AVAILABILITY = YES_AGGRESSIVE;
				CLANG_WARN_UNREACHABLE_CODE = YES;
				CLANG_WARN__DUPLICATE_METHOD_MATCH = YES;
				CODE_SIGN_IDENTITY = "iPhone Developer";
				COPY_PHASE_STRIP = NO;
				DEBUG_INFORMATION_FORMAT = "dwarf-with-dsym";
				ENABLE_NS_ASSERTIONS = NO;
				ENABLE_STRICT_OBJC_MSGSEND = YES;
				GCC_C_LANGUAGE_STANDARD = gnu11;
				GCC_NO_COMMON_BLOCKS = YES;
				GCC_WARN_64_TO_32_BIT_CONVERSION = YES;
				GCC_WARN_ABOUT_RETURN_TYPE = YES_ERROR;
				GCC_WARN_UNDECLARED_SELECTOR = YES;
				GCC_WARN_UNINITIALIZED_AUTOS = YES_AGGRESSIVE;
				GCC_WARN_UNUSED_FUNCTION = YES;
				GCC_WARN_UNUSED_VARIABLE = YES;
				IPHONEOS_DEPLOYMENT_TARGET = 12.2;
				MTL_ENABLE_DEBUG_INFO = NO;
				MTL_FAST_MATH = YES;
				SDKROOT = iphoneos;
				SWIFT_COMPILATION_MODE = wholemodule;
				SWIFT_OPTIMIZATION_LEVEL = "-O";
				VALIDATE_PRODUCT = YES;
			};
			name = Release;
		};
		C249FB1B22F35706003297A6 /* Debug */ = {
			isa = XCBuildConfiguration;
			buildSettings = {
				ASSETCATALOG_COMPILER_APPICON_NAME = AppIcon;
				CODE_SIGN_STYLE = Automatic;
				DEVELOPMENT_TEAM = A2FVBU2BHD;
				INFOPLIST_FILE = WeatherApp/Info.plist;
				LD_RUNPATH_SEARCH_PATHS = (
					"$(inherited)",
					"@executable_path/Frameworks",
				);
				PRODUCT_BUNDLE_IDENTIFIER = com.allwhite.WeatherApp;
				PRODUCT_NAME = "$(TARGET_NAME)";
				SWIFT_VERSION = 5.0;
				TARGETED_DEVICE_FAMILY = "1,2";
			};
			name = Debug;
		};
		C249FB1C22F35706003297A6 /* Release */ = {
			isa = XCBuildConfiguration;
			buildSettings = {
				ASSETCATALOG_COMPILER_APPICON_NAME = AppIcon;
				CODE_SIGN_STYLE = Automatic;
				DEVELOPMENT_TEAM = A2FVBU2BHD;
				INFOPLIST_FILE = WeatherApp/Info.plist;
				LD_RUNPATH_SEARCH_PATHS = (
					"$(inherited)",
					"@executable_path/Frameworks",
				);
				PRODUCT_BUNDLE_IDENTIFIER = com.allwhite.WeatherApp;
				PRODUCT_NAME = "$(TARGET_NAME)";
				SWIFT_VERSION = 5.0;
				TARGETED_DEVICE_FAMILY = "1,2";
			};
			name = Release;
		};
/* End XCBuildConfiguration section */

/* Begin XCConfigurationList section */
		C249FB0322F35705003297A6 /* Build configuration list for PBXProject "WeatherApp" */ = {
			isa = XCConfigurationList;
			buildConfigurations = (
				C249FB1822F35706003297A6 /* Debug */,
				C249FB1922F35706003297A6 /* Release */,
			);
			defaultConfigurationIsVisible = 0;
			defaultConfigurationName = Release;
		};
		C249FB1A22F35706003297A6 /* Build configuration list for PBXNativeTarget "WeatherApp" */ = {
			isa = XCConfigurationList;
			buildConfigurations = (
				C249FB1B22F35706003297A6 /* Debug */,
				C249FB1C22F35706003297A6 /* Release */,
			);
			defaultConfigurationIsVisible = 0;
			defaultConfigurationName = Release;
		};
/* End XCConfigurationList section */
	};
	rootObject = C249FB0022F35705003297A6 /* Project object */;
}
